
Microsoft Visual Studio Solution File, Format Version 12.00
# Visual Studio Version 17
VisualStudioVersion = 17.6.33815.320
MinimumVisualStudioVersion = 10.0.40219.1
Project("{9A19103F-16F7-4668-BE54-9A1E7A4F7556}") = "dotNetDemo", "dotNetDemo\dotNetDemo.csproj", "{4ED0BCB9-AC8F-49D6-A614-F3239E80C24E}"
EndProject
Project("{9A19103F-16F7-4668-BE54-9A1E7A4F7556}") = "PackageDecoder", "PackageDecoder\PackageDecoder.csproj", "{C89F4D6A-1515-4B31-A871-02E4E3503DC4}"
EndProject
Project("{9A19103F-16F7-4668-BE54-9A1E7A4F7556}") = "PackageDecoderTests", "PackageDecoderTests\PackageDecoderTests.csproj", "{6998791E-C671-4CE8-A84C-0352B3F4BFDE}"
EndProject
Project("{9A19103F-16F7-4668-BE54-9A1E7A4F7556}") = "PrismNavigationTest", "PrismNavigationTest\PrismNavigationTest.csproj", "{362AFF40-D9BA-42A4-8F1D-73C7D61CF38C}"
EndProject
Project("{9A19103F-16F7-4668-BE54-9A1E7A4F7556}") = "InteractionDemo", "InteractionDemo\InteractionDemo.csproj", "{9DAF45ED-967A-44FB-9090-7D7E191B3512}"
EndProject
Project("{9A19103F-16F7-4668-BE54-9A1E7A4F7556}") = "EnumBinding", "EnumBinding\EnumBinding.csproj", "{F2228A6B-4F6A-4EAE-A17B-5BF69B3B204A}"
EndProject
Project("{2150E333-8FDC-42A3-9474-1A3956D46DE8}") = "Plugin", "Plugin", "{18D721C5-BC6B-45F2-BAB1-4E7CB50AC916}"
EndProject
Project("{9A19103F-16F7-4668-BE54-9A1E7A4F7556}") = "PluginDemo.Core", "PluginDemo.Core\PluginDemo.Core.csproj", "{51A6FFA0-FD21-4128-B9FA-D0288713C0E9}"
EndProject
Project("{9A19103F-16F7-4668-BE54-9A1E7A4F7556}") = "PluginDemo.PluginA", "PluginDemo.PluginA\PluginDemo.PluginA.csproj", "{F4F687EF-8AA5-453B-AB23-AD8D2CB61103}"
EndProject
Project("{9A19103F-16F7-4668-BE54-9A1E7A4F7556}") = "PluginDemo.Main", "PluginDemo.Main\PluginDemo.Main.csproj", "{04AD0C33-9136-4BBD-9508-7DEBB1D5F65C}"
EndProject
Project("{9A19103F-16F7-4668-BE54-9A1E7A4F7556}") = "EnumerableObject", "EnumerableObject\EnumerableObject.csproj", "{BE89BA7B-6343-4C54-8E02-08C8667A3A2D}"
EndProject
Project("{2150E333-8FDC-42A3-9474-1A3956D46DE8}") = "Animation", "Animation", "{9FA9D297-487F-4704-B3AE-5F3F187FD698}"
EndProject
Project("{9A19103F-16F7-4668-BE54-9A1E7A4F7556}") = "WaterRipple", "WaterRipple\WaterRipple.csproj", "{67961214-B52C-4307-913A-ECCA86478068}"
EndProject
Project("{2150E333-8FDC-42A3-9474-1A3956D46DE8}") = "WPF", "WPF", "{390323C0-99C4-48A3-8575-55EBE8EB413D}"
EndProject
Project("{9A19103F-16F7-4668-BE54-9A1E7A4F7556}") = "WPFUserControlDemo", "WPF\WPFUserControlDemo\WPFUserControlDemo.csproj", "{BC893FF3-9A5D-4455-8096-D30DDAF73E3B}"
EndProject
Project("{9A19103F-16F7-4668-BE54-9A1E7A4F7556}") = "SnakeDemo", "SnakeDemo\SnakeDemo.csproj", "{1D572B75-3F72-4383-941D-480380D2BF52}"
EndProject
Project("{9A19103F-16F7-4668-BE54-9A1E7A4F7556}") = "NotifyIconAndHotKeyDemo", "NotifyIconAndHotKeyDemo\NotifyIconAndHotKeyDemo.csproj", "{E7C8F494-4827-452C-A087-E6C9153BB60A}"
EndProject
Project("{9A19103F-16F7-4668-BE54-9A1E7A4F7556}") = "NavigationDemo", "NavigationDemo\NavigationDemo.csproj", "{4C7C0242-641F-4A8D-A3B1-2FCCE8610D57}"
EndProject
Project("{9A19103F-16F7-4668-BE54-9A1E7A4F7556}") = "ListToTreeDemo", "ListToTreeDemo\ListToTreeDemo.csproj", "{5452F09A-7599-4CAE-B265-2E980F764FD4}"
EndProject
Project("{9A19103F-16F7-4668-BE54-9A1E7A4F7556}") = "OverlayDemo", "WindowMoveDemo\OverlayDemo.csproj", "{B5C9AFCF-D10D-4662-806E-CB95BF73D9BE}"
EndProject
Project("{2150E333-8FDC-42A3-9474-1A3956D46DE8}") = "MQTTDemo", "MQTTDemo", "{4DFF34B1-6159-4D53-9F6E-589F1863642B}"
EndProject
Project("{9A19103F-16F7-4668-BE54-9A1E7A4F7556}") = "MQTTServer", "MQTTDemo\MQTTServer\MQTTServer.csproj", "{F4D29F99-A116-4A87-A4DE-E6BA990D9D82}"
EndProject
Project("{9A19103F-16F7-4668-BE54-9A1E7A4F7556}") = "MQTTPublish", "MQTTDemo\MQTTClient\MQTTPublish.csproj", "{1B9F5183-2779-4448-9B26-E8E44548A355}"
EndProject
Project("{9A19103F-16F7-4668-BE54-9A1E7A4F7556}") = "MQTTSubscribe", "MQTTDemo\MQTTSubscribe\MQTTSubscribe.csproj", "{A6E6D7B5-2AE1-4279-89CE-229A7EDC0F99}"
EndProject
Project("{9A19103F-16F7-4668-BE54-9A1E7A4F7556}") = "MQTT.UI", "MQTTDemo\MQTT.UI\MQTT.UI.csproj", "{BF484A6D-6DB9-4DD5-898C-84BD684085BF}"
EndProject
Project("{2150E333-8FDC-42A3-9474-1A3956D46DE8}") = "DesignPpattern", "DesignPpattern", "{B0CAF74B-CD86-4CE2-BDFF-983F351D3F00}"
EndProject
Project("{9A19103F-16F7-4668-BE54-9A1E7A4F7556}") = "Singleton", "DesignPpattern\Singleton\Singleton.csproj", "{D7F45048-D396-404B-8FD2-542FC28EE604}"
EndProject
Project("{9A19103F-16F7-4668-BE54-9A1E7A4F7556}") = "SingletonTest", "DesignPpattern\SingletonTest\SingletonTest.csproj", "{7BBFF733-15CB-4218-A662-0C9A5ECE30B7}"
EndProject
Project("{9A19103F-16F7-4668-BE54-9A1E7A4F7556}") = "DataTemplateSelectorDemo", "WPF\DataTemplateSelectorDemo\DataTemplateSelectorDemo.csproj", "{D50D6EE9-16A3-471B-B6C9-0383A12C7881}"
EndProject
Project("{2150E333-8FDC-42A3-9474-1A3956D46DE8}") = "PInvoke", "PInvoke", "{FE5E5179-A2CB-47D8-9169-DF4E357DB114}"
EndProject
Project("{9A19103F-16F7-4668-BE54-9A1E7A4F7556}") = "SendInputDemo", "PInvoke\SendInputDemo\SendInputDemo.csproj", "{046A15F3-6896-4F65-B8C5-ACAA70B84F18}"
EndProject
Project("{9A19103F-16F7-4668-BE54-9A1E7A4F7556}") = "ControlDemoApp", "WPF\ControlDemoApp\ControlDemoApp.csproj", "{8AA8E88C-CF8A-4E1A-B892-F95EACE3F729}"
EndProject
Project("{9A19103F-16F7-4668-BE54-9A1E7A4F7556}") = "ControlLibrary", "WPF\ControlLibrary\ControlLibrary.csproj", "{3E1116E5-DB2E-4E2B-8C6F-D21BA39B8543}"
EndProject
Project("{FAE04EC0-301F-11D3-BF4B-00C04F79EFBC}") = "Validation", "WPF\Validation\Validation.csproj", "{E18B6F81-0A37-49DB-B5FD-A196636D49EB}"
EndProject
Global
	GlobalSection(SolutionConfigurationPlatforms) = preSolution
		Debug|Any CPU = Debug|Any CPU
		Release|Any CPU = Release|Any CPU
	EndGlobalSection
	GlobalSection(ProjectConfigurationPlatforms) = postSolution
		{4ED0BCB9-AC8F-49D6-A614-F3239E80C24E}.Debug|Any CPU.ActiveCfg = Debug|Any CPU
		{4ED0BCB9-AC8F-49D6-A614-F3239E80C24E}.Debug|Any CPU.Build.0 = Debug|Any CPU
		{4ED0BCB9-AC8F-49D6-A614-F3239E80C24E}.Release|Any CPU.ActiveCfg = Release|Any CPU
		{4ED0BCB9-AC8F-49D6-A614-F3239E80C24E}.Release|Any CPU.Build.0 = Release|Any CPU
		{C89F4D6A-1515-4B31-A871-02E4E3503DC4}.Debug|Any CPU.ActiveCfg = Debug|Any CPU
		{C89F4D6A-1515-4B31-A871-02E4E3503DC4}.Debug|Any CPU.Build.0 = Debug|Any CPU
		{C89F4D6A-1515-4B31-A871-02E4E3503DC4}.Release|Any CPU.ActiveCfg = Release|Any CPU
		{C89F4D6A-1515-4B31-A871-02E4E3503DC4}.Release|Any CPU.Build.0 = Release|Any CPU
		{6998791E-C671-4CE8-A84C-0352B3F4BFDE}.Debug|Any CPU.ActiveCfg = Debug|Any CPU
		{6998791E-C671-4CE8-A84C-0352B3F4BFDE}.Debug|Any CPU.Build.0 = Debug|Any CPU
		{6998791E-C671-4CE8-A84C-0352B3F4BFDE}.Release|Any CPU.ActiveCfg = Release|Any CPU
		{6998791E-C671-4CE8-A84C-0352B3F4BFDE}.Release|Any CPU.Build.0 = Release|Any CPU
		{362AFF40-D9BA-42A4-8F1D-73C7D61CF38C}.Debug|Any CPU.ActiveCfg = Debug|Any CPU
		{362AFF40-D9BA-42A4-8F1D-73C7D61CF38C}.Debug|Any CPU.Build.0 = Debug|Any CPU
		{362AFF40-D9BA-42A4-8F1D-73C7D61CF38C}.Release|Any CPU.ActiveCfg = Release|Any CPU
		{362AFF40-D9BA-42A4-8F1D-73C7D61CF38C}.Release|Any CPU.Build.0 = Release|Any CPU
		{9DAF45ED-967A-44FB-9090-7D7E191B3512}.Debug|Any CPU.ActiveCfg = Debug|Any CPU
		{9DAF45ED-967A-44FB-9090-7D7E191B3512}.Debug|Any CPU.Build.0 = Debug|Any CPU
		{9DAF45ED-967A-44FB-9090-7D7E191B3512}.Release|Any CPU.ActiveCfg = Release|Any CPU
		{9DAF45ED-967A-44FB-9090-7D7E191B3512}.Release|Any CPU.Build.0 = Release|Any CPU
		{F2228A6B-4F6A-4EAE-A17B-5BF69B3B204A}.Debug|Any CPU.ActiveCfg = Debug|Any CPU
		{F2228A6B-4F6A-4EAE-A17B-5BF69B3B204A}.Debug|Any CPU.Build.0 = Debug|Any CPU
		{F2228A6B-4F6A-4EAE-A17B-5BF69B3B204A}.Release|Any CPU.ActiveCfg = Release|Any CPU
		{F2228A6B-4F6A-4EAE-A17B-5BF69B3B204A}.Release|Any CPU.Build.0 = Release|Any CPU
		{51A6FFA0-FD21-4128-B9FA-D0288713C0E9}.Debug|Any CPU.ActiveCfg = Debug|Any CPU
		{51A6FFA0-FD21-4128-B9FA-D0288713C0E9}.Debug|Any CPU.Build.0 = Debug|Any CPU
		{51A6FFA0-FD21-4128-B9FA-D0288713C0E9}.Release|Any CPU.ActiveCfg = Release|Any CPU
		{51A6FFA0-FD21-4128-B9FA-D0288713C0E9}.Release|Any CPU.Build.0 = Release|Any CPU
		{F4F687EF-8AA5-453B-AB23-AD8D2CB61103}.Debug|Any CPU.ActiveCfg = Debug|Any CPU
		{F4F687EF-8AA5-453B-AB23-AD8D2CB61103}.Debug|Any CPU.Build.0 = Debug|Any CPU
		{F4F687EF-8AA5-453B-AB23-AD8D2CB61103}.Release|Any CPU.ActiveCfg = Release|Any CPU
		{F4F687EF-8AA5-453B-AB23-AD8D2CB61103}.Release|Any CPU.Build.0 = Release|Any CPU
		{04AD0C33-9136-4BBD-9508-7DEBB1D5F65C}.Debug|Any CPU.ActiveCfg = Debug|Any CPU
		{04AD0C33-9136-4BBD-9508-7DEBB1D5F65C}.Debug|Any CPU.Build.0 = Debug|Any CPU
		{04AD0C33-9136-4BBD-9508-7DEBB1D5F65C}.Release|Any CPU.ActiveCfg = Release|Any CPU
		{04AD0C33-9136-4BBD-9508-7DEBB1D5F65C}.Release|Any CPU.Build.0 = Release|Any CPU
		{BE89BA7B-6343-4C54-8E02-08C8667A3A2D}.Debug|Any CPU.ActiveCfg = Debug|Any CPU
		{BE89BA7B-6343-4C54-8E02-08C8667A3A2D}.Debug|Any CPU.Build.0 = Debug|Any CPU
		{BE89BA7B-6343-4C54-8E02-08C8667A3A2D}.Release|Any CPU.ActiveCfg = Release|Any CPU
		{BE89BA7B-6343-4C54-8E02-08C8667A3A2D}.Release|Any CPU.Build.0 = Release|Any CPU
		{67961214-B52C-4307-913A-ECCA86478068}.Debug|Any CPU.ActiveCfg = Debug|Any CPU
		{67961214-B52C-4307-913A-ECCA86478068}.Debug|Any CPU.Build.0 = Debug|Any CPU
		{67961214-B52C-4307-913A-ECCA86478068}.Release|Any CPU.ActiveCfg = Release|Any CPU
		{67961214-B52C-4307-913A-ECCA86478068}.Release|Any CPU.Build.0 = Release|Any CPU
		{BC893FF3-9A5D-4455-8096-D30DDAF73E3B}.Debug|Any CPU.ActiveCfg = Debug|Any CPU
		{BC893FF3-9A5D-4455-8096-D30DDAF73E3B}.Debug|Any CPU.Build.0 = Debug|Any CPU
		{BC893FF3-9A5D-4455-8096-D30DDAF73E3B}.Release|Any CPU.ActiveCfg = Release|Any CPU
		{BC893FF3-9A5D-4455-8096-D30DDAF73E3B}.Release|Any CPU.Build.0 = Release|Any CPU
		{1D572B75-3F72-4383-941D-480380D2BF52}.Debug|Any CPU.ActiveCfg = Debug|Any CPU
		{1D572B75-3F72-4383-941D-480380D2BF52}.Debug|Any CPU.Build.0 = Debug|Any CPU
		{1D572B75-3F72-4383-941D-480380D2BF52}.Release|Any CPU.ActiveCfg = Release|Any CPU
		{1D572B75-3F72-4383-941D-480380D2BF52}.Release|Any CPU.Build.0 = Release|Any CPU
		{E7C8F494-4827-452C-A087-E6C9153BB60A}.Debug|Any CPU.ActiveCfg = Debug|Any CPU
		{E7C8F494-4827-452C-A087-E6C9153BB60A}.Debug|Any CPU.Build.0 = Debug|Any CPU
		{E7C8F494-4827-452C-A087-E6C9153BB60A}.Release|Any CPU.ActiveCfg = Release|Any CPU
		{E7C8F494-4827-452C-A087-E6C9153BB60A}.Release|Any CPU.Build.0 = Release|Any CPU
		{4C7C0242-641F-4A8D-A3B1-2FCCE8610D57}.Debug|Any CPU.ActiveCfg = Debug|Any CPU
		{4C7C0242-641F-4A8D-A3B1-2FCCE8610D57}.Debug|Any CPU.Build.0 = Debug|Any CPU
		{4C7C0242-641F-4A8D-A3B1-2FCCE8610D57}.Release|Any CPU.ActiveCfg = Release|Any CPU
		{4C7C0242-641F-4A8D-A3B1-2FCCE8610D57}.Release|Any CPU.Build.0 = Release|Any CPU
		{5452F09A-7599-4CAE-B265-2E980F764FD4}.Debug|Any CPU.ActiveCfg = Debug|Any CPU
		{5452F09A-7599-4CAE-B265-2E980F764FD4}.Debug|Any CPU.Build.0 = Debug|Any CPU
		{5452F09A-7599-4CAE-B265-2E980F764FD4}.Release|Any CPU.ActiveCfg = Release|Any CPU
		{5452F09A-7599-4CAE-B265-2E980F764FD4}.Release|Any CPU.Build.0 = Release|Any CPU
		{B5C9AFCF-D10D-4662-806E-CB95BF73D9BE}.Debug|Any CPU.ActiveCfg = Debug|Any CPU
		{B5C9AFCF-D10D-4662-806E-CB95BF73D9BE}.Debug|Any CPU.Build.0 = Debug|Any CPU
		{B5C9AFCF-D10D-4662-806E-CB95BF73D9BE}.Release|Any CPU.ActiveCfg = Release|Any CPU
		{B5C9AFCF-D10D-4662-806E-CB95BF73D9BE}.Release|Any CPU.Build.0 = Release|Any CPU
		{F4D29F99-A116-4A87-A4DE-E6BA990D9D82}.Debug|Any CPU.ActiveCfg = Debug|Any CPU
		{F4D29F99-A116-4A87-A4DE-E6BA990D9D82}.Debug|Any CPU.Build.0 = Debug|Any CPU
		{F4D29F99-A116-4A87-A4DE-E6BA990D9D82}.Release|Any CPU.ActiveCfg = Release|Any CPU
		{F4D29F99-A116-4A87-A4DE-E6BA990D9D82}.Release|Any CPU.Build.0 = Release|Any CPU
		{1B9F5183-2779-4448-9B26-E8E44548A355}.Debug|Any CPU.ActiveCfg = Debug|Any CPU
		{1B9F5183-2779-4448-9B26-E8E44548A355}.Debug|Any CPU.Build.0 = Debug|Any CPU
		{1B9F5183-2779-4448-9B26-E8E44548A355}.Release|Any CPU.ActiveCfg = Release|Any CPU
		{1B9F5183-2779-4448-9B26-E8E44548A355}.Release|Any CPU.Build.0 = Release|Any CPU
		{A6E6D7B5-2AE1-4279-89CE-229A7EDC0F99}.Debug|Any CPU.ActiveCfg = Debug|Any CPU
		{A6E6D7B5-2AE1-4279-89CE-229A7EDC0F99}.Debug|Any CPU.Build.0 = Debug|Any CPU
		{A6E6D7B5-2AE1-4279-89CE-229A7EDC0F99}.Release|Any CPU.ActiveCfg = Release|Any CPU
		{A6E6D7B5-2AE1-4279-89CE-229A7EDC0F99}.Release|Any CPU.Build.0 = Release|Any CPU
		{BF484A6D-6DB9-4DD5-898C-84BD684085BF}.Debug|Any CPU.ActiveCfg = Debug|Any CPU
		{BF484A6D-6DB9-4DD5-898C-84BD684085BF}.Debug|Any CPU.Build.0 = Debug|Any CPU
		{BF484A6D-6DB9-4DD5-898C-84BD684085BF}.Release|Any CPU.ActiveCfg = Release|Any CPU
		{BF484A6D-6DB9-4DD5-898C-84BD684085BF}.Release|Any CPU.Build.0 = Release|Any CPU
		{D7F45048-D396-404B-8FD2-542FC28EE604}.Debug|Any CPU.ActiveCfg = Debug|Any CPU
		{D7F45048-D396-404B-8FD2-542FC28EE604}.Debug|Any CPU.Build.0 = Debug|Any CPU
		{D7F45048-D396-404B-8FD2-542FC28EE604}.Release|Any CPU.ActiveCfg = Release|Any CPU
		{D7F45048-D396-404B-8FD2-542FC28EE604}.Release|Any CPU.Build.0 = Release|Any CPU
		{7BBFF733-15CB-4218-A662-0C9A5ECE30B7}.Debug|Any CPU.ActiveCfg = Debug|Any CPU
		{7BBFF733-15CB-4218-A662-0C9A5ECE30B7}.Debug|Any CPU.Build.0 = Debug|Any CPU
		{7BBFF733-15CB-4218-A662-0C9A5ECE30B7}.Release|Any CPU.ActiveCfg = Release|Any CPU
		{7BBFF733-15CB-4218-A662-0C9A5ECE30B7}.Release|Any CPU.Build.0 = Release|Any CPU
		{D50D6EE9-16A3-471B-B6C9-0383A12C7881}.Debug|Any CPU.ActiveCfg = Debug|Any CPU
		{D50D6EE9-16A3-471B-B6C9-0383A12C7881}.Debug|Any CPU.Build.0 = Debug|Any CPU
		{D50D6EE9-16A3-471B-B6C9-0383A12C7881}.Release|Any CPU.ActiveCfg = Release|Any CPU
		{D50D6EE9-16A3-471B-B6C9-0383A12C7881}.Release|Any CPU.Build.0 = Release|Any CPU
		{046A15F3-6896-4F65-B8C5-ACAA70B84F18}.Debug|Any CPU.ActiveCfg = Debug|Any CPU
		{046A15F3-6896-4F65-B8C5-ACAA70B84F18}.Debug|Any CPU.Build.0 = Debug|Any CPU
		{046A15F3-6896-4F65-B8C5-ACAA70B84F18}.Release|Any CPU.ActiveCfg = Release|Any CPU
		{046A15F3-6896-4F65-B8C5-ACAA70B84F18}.Release|Any CPU.Build.0 = Release|Any CPU
		{8AA8E88C-CF8A-4E1A-B892-F95EACE3F729}.Debug|Any CPU.ActiveCfg = Debug|Any CPU
		{8AA8E88C-CF8A-4E1A-B892-F95EACE3F729}.Debug|Any CPU.Build.0 = Debug|Any CPU
		{8AA8E88C-CF8A-4E1A-B892-F95EACE3F729}.Release|Any CPU.ActiveCfg = Release|Any CPU
		{8AA8E88C-CF8A-4E1A-B892-F95EACE3F729}.Release|Any CPU.Build.0 = Release|Any CPU
		{3E1116E5-DB2E-4E2B-8C6F-D21BA39B8543}.Debug|Any CPU.ActiveCfg = Debug|Any CPU
		{3E1116E5-DB2E-4E2B-8C6F-D21BA39B8543}.Debug|Any CPU.Build.0 = Debug|Any CPU
		{3E1116E5-DB2E-4E2B-8C6F-D21BA39B8543}.Release|Any CPU.ActiveCfg = Release|Any CPU
		{3E1116E5-DB2E-4E2B-8C6F-D21BA39B8543}.Release|Any CPU.Build.0 = Release|Any CPU
		{E18B6F81-0A37-49DB-B5FD-A196636D49EB}.Debug|Any CPU.ActiveCfg = Debug|Any CPU
		{E18B6F81-0A37-49DB-B5FD-A196636D49EB}.Debug|Any CPU.Build.0 = Debug|Any CPU
		{E18B6F81-0A37-49DB-B5FD-A196636D49EB}.Release|Any CPU.ActiveCfg = Release|Any CPU
		{E18B6F81-0A37-49DB-B5FD-A196636D49EB}.Release|Any CPU.Build.0 = Release|Any CPU
	EndGlobalSection
	GlobalSection(SolutionProperties) = preSolution
		HideSolutionNode = FALSE
	EndGlobalSection
	GlobalSection(NestedProjects) = preSolution
		{51A6FFA0-FD21-4128-B9FA-D0288713C0E9} = {18D721C5-BC6B-45F2-BAB1-4E7CB50AC916}
		{F4F687EF-8AA5-453B-AB23-AD8D2CB61103} = {18D721C5-BC6B-45F2-BAB1-4E7CB50AC916}
		{04AD0C33-9136-4BBD-9508-7DEBB1D5F65C} = {18D721C5-BC6B-45F2-BAB1-4E7CB50AC916}
		{67961214-B52C-4307-913A-ECCA86478068} = {9FA9D297-487F-4704-B3AE-5F3F187FD698}
		{BC893FF3-9A5D-4455-8096-D30DDAF73E3B} = {390323C0-99C4-48A3-8575-55EBE8EB413D}
		{1D572B75-3F72-4383-941D-480380D2BF52} = {390323C0-99C4-48A3-8575-55EBE8EB413D}
		{E7C8F494-4827-452C-A087-E6C9153BB60A} = {390323C0-99C4-48A3-8575-55EBE8EB413D}
		{4C7C0242-641F-4A8D-A3B1-2FCCE8610D57} = {390323C0-99C4-48A3-8575-55EBE8EB413D}
		{B5C9AFCF-D10D-4662-806E-CB95BF73D9BE} = {390323C0-99C4-48A3-8575-55EBE8EB413D}
		{F4D29F99-A116-4A87-A4DE-E6BA990D9D82} = {4DFF34B1-6159-4D53-9F6E-589F1863642B}
		{1B9F5183-2779-4448-9B26-E8E44548A355} = {4DFF34B1-6159-4D53-9F6E-589F1863642B}
		{A6E6D7B5-2AE1-4279-89CE-229A7EDC0F99} = {4DFF34B1-6159-4D53-9F6E-589F1863642B}
		{BF484A6D-6DB9-4DD5-898C-84BD684085BF} = {4DFF34B1-6159-4D53-9F6E-589F1863642B}
		{D7F45048-D396-404B-8FD2-542FC28EE604} = {B0CAF74B-CD86-4CE2-BDFF-983F351D3F00}
		{7BBFF733-15CB-4218-A662-0C9A5ECE30B7} = {B0CAF74B-CD86-4CE2-BDFF-983F351D3F00}
		{D50D6EE9-16A3-471B-B6C9-0383A12C7881} = {390323C0-99C4-48A3-8575-55EBE8EB413D}
		{046A15F3-6896-4F65-B8C5-ACAA70B84F18} = {FE5E5179-A2CB-47D8-9169-DF4E357DB114}
		{8AA8E88C-CF8A-4E1A-B892-F95EACE3F729} = {390323C0-99C4-48A3-8575-55EBE8EB413D}
		{3E1116E5-DB2E-4E2B-8C6F-D21BA39B8543} = {390323C0-99C4-48A3-8575-55EBE8EB413D}
		{E18B6F81-0A37-49DB-B5FD-A196636D49EB} = {390323C0-99C4-48A3-8575-55EBE8EB413D}
	EndGlobalSection
	GlobalSection(ExtensibilityGlobals) = postSolution
		SolutionGuid = {4350933C-605F-4B50-B504-0661444DF5FF}
	EndGlobalSection
EndGlobal
